
Microsoft Visual Studio Solution File, Format Version 12.00
# Visual Studio 15
VisualStudioVersion = 15.0.28010.2046
MinimumVisualStudioVersion = 10.0.40219.1
Project("{FAE04EC0-301F-11D3-BF4B-00C04F79EFBC}") = "CalculatorTrainer", "CalculatorTrainer\CalculatorTrainer.csproj", "{DFB673E1-E6A7-4381-B2C1-6764D4A796DC}"
EndProject
Global
	GlobalSection(SolutionConfigurationPlatforms) = preSolution
		Debug|Any CPU = Debug|Any CPU
		Release|Any CPU = Release|Any CPU
	EndGlobalSection
	GlobalSection(ProjectConfigurationPlatforms) = postSolution
		{DFB673E1-E6A7-4381-B2C1-6764D4A796DC}.Debug|Any CPU.ActiveCfg = Debug|Any CPU
		{DFB673E1-E6A7-4381-B2C1-6764D4A796DC}.Debug|Any CPU.Build.0 = Debug|Any CPU
		{DFB673E1-E6A7-4381-B2C1-6764D4A796DC}.Release|Any CPU.ActiveCfg = Release|Any CPU
		{DFB673E1-E6A7-4381-B2C1-6764D4A796DC}.Release|Any CPU.Build.0 = Release|Any CPU
	EndGlobalSection
	GlobalSection(SolutionProperties) = preSolution
		HideSolutionNode = FALSE
	EndGlobalSection
	GlobalSection(ExtensibilityGlobals) = postSolution
		SolutionGuid = {B69CD839-73B9-4F7C-AC22-7002D8FA53AE}
	EndGlobalSection
EndGlobal
